// !$*UTF8*$!
{
	archiveVersion = 1;
	classes = {
	};
	objectVersion = 56;
	objects = {

/* Begin PBXBuildFile section */
		2B55F5CE2C662F6C0060D9B0 /* app808App.swift in Sources */ = {isa = PBXBuildFile; fileRef = 2B55F5CD2C662F6C0060D9B0 /* app808App.swift */; };
		2B55F5D02C662F6C0060D9B0 /* ContentView.swift in Sources */ = {isa = PBXBuildFile; fileRef = 2B55F5CF2C662F6C0060D9B0 /* ContentView.swift */; };
		2B55F5D22C662F700060D9B0 /* Assets.xcassets in Resources */ = {isa = PBXBuildFile; fileRef = 2B55F5D12C662F700060D9B0 /* Assets.xcassets */; };
		2B55F5D52C662F700060D9B0 /* Preview Assets.xcassets in Resources */ = {isa = PBXBuildFile; fileRef = 2B55F5D42C662F700060D9B0 /* Preview Assets.xcassets */; };
		2B55F5DD2C6640A30060D9B0 /* LoaderUIView.swift in Sources */ = {isa = PBXBuildFile; fileRef = 2B55F5DC2C6640A30060D9B0 /* LoaderUIView.swift */; };
		2B55F5E22C66424C0060D9B0 /* ReOnboardingUIView.swift in Sources */ = {isa = PBXBuildFile; fileRef = 2B55F5E12C66424C0060D9B0 /* ReOnboardingUIView.swift */; };
		2B55F5E52C6642710060D9B0 /* UsOnboardingUIView.swift in Sources */ = {isa = PBXBuildFile; fileRef = 2B55F5E42C6642710060D9B0 /* UsOnboardingUIView.swift */; };
		2B55F5E82C6642FC0060D9B0 /* OneSignalExtension in Frameworks */ = {isa = PBXBuildFile; productRef = 2B55F5E72C6642FC0060D9B0 /* OneSignalExtension */; };
		2B55F5EA2C6642FC0060D9B0 /* OneSignalFramework in Frameworks */ = {isa = PBXBuildFile; productRef = 2B55F5E92C6642FC0060D9B0 /* OneSignalFramework */; };
		2B55F5EC2C6642FC0060D9B0 /* OneSignalInAppMessages in Frameworks */ = {isa = PBXBuildFile; productRef = 2B55F5EB2C6642FC0060D9B0 /* OneSignalInAppMessages */; };
		2B55F5EE2C6642FC0060D9B0 /* OneSignalLocation in Frameworks */ = {isa = PBXBuildFile; productRef = 2B55F5ED2C6642FC0060D9B0 /* OneSignalLocation */; };
		2B55F5F12C6A12310060D9B0 /* MainUIView.swift in Sources */ = {isa = PBXBuildFile; fileRef = 2B55F5F02C6A12310060D9B0 /* MainUIView.swift */; };
		2B55F5F72C6A28BA0060D9B0 /* BadgesUIView.swift in Sources */ = {isa = PBXBuildFile; fileRef = 2B55F5F62C6A28BA0060D9B0 /* BadgesUIView.swift */; };
		2B55F5F92C6A2F560060D9B0 /* BadgesCell.swift in Sources */ = {isa = PBXBuildFile; fileRef = 2B55F5F82C6A2F560060D9B0 /* BadgesCell.swift */; };
		2B55F5FB2C6A32EA0060D9B0 /* BadgesDetails.swift in Sources */ = {isa = PBXBuildFile; fileRef = 2B55F5FA2C6A32EA0060D9B0 /* BadgesDetails.swift */; };
		2B55F6002C6A37170060D9B0 /* SettingsUIView.swift in Sources */ = {isa = PBXBuildFile; fileRef = 2B55F5FF2C6A37170060D9B0 /* SettingsUIView.swift */; };
		2B55F6022C6A37AA0060D9B0 /* SettingsViewModel.swift in Sources */ = {isa = PBXBuildFile; fileRef = 2B55F6012C6A37AA0060D9B0 /* SettingsViewModel.swift */; };
		2B55F6082C6B54030060D9B0 /* ChallengesUIView.swift in Sources */ = {isa = PBXBuildFile; fileRef = 2B55F6072C6B54030060D9B0 /* ChallengesUIView.swift */; };
		2B55F60A2C6B55780060D9B0 /* ChallengeCell.swift in Sources */ = {isa = PBXBuildFile; fileRef = 2B55F6092C6B55780060D9B0 /* ChallengeCell.swift */; };
		2B55F60C2C6B5A650060D9B0 /* Challenge.swift in Sources */ = {isa = PBXBuildFile; fileRef = 2B55F60B2C6B5A650060D9B0 /* Challenge.swift */; };
		2B55F60E2C6B5B270060D9B0 /* ChallengeViewModel.swift in Sources */ = {isa = PBXBuildFile; fileRef = 2B55F60D2C6B5B260060D9B0 /* ChallengeViewModel.swift */; };
		2B55F6102C6B5E440060D9B0 /* ChallengeDetails.swift in Sources */ = {isa = PBXBuildFile; fileRef = 2B55F60F2C6B5E440060D9B0 /* ChallengeDetails.swift */; };
/* End PBXBuildFile section */

/* Begin PBXFileReference section */
		2B55F5CA2C662F6C0060D9B0 /* app808.app */ = {isa = PBXFileReference; explicitFileType = wrapper.application; includeInIndex = 0; path = app808.app; sourceTree = BUILT_PRODUCTS_DIR; };
		2B55F5CD2C662F6C0060D9B0 /* app808App.swift */ = {isa = PBXFileReference; lastKnownFileType = sourcecode.swift; path = app808App.swift; sourceTree = "<group>"; };
		2B55F5CF2C662F6C0060D9B0 /* ContentView.swift */ = {isa = PBXFileReference; lastKnownFileType = sourcecode.swift; path = ContentView.swift; sourceTree = "<group>"; };
		2B55F5D12C662F700060D9B0 /* Assets.xcassets */ = {isa = PBXFileReference; lastKnownFileType = folder.assetcatalog; path = Assets.xcassets; sourceTree = "<group>"; };
		2B55F5D42C662F700060D9B0 /* Preview Assets.xcassets */ = {isa = PBXFileReference; lastKnownFileType = folder.assetcatalog; path = "Preview Assets.xcassets"; sourceTree = "<group>"; };
		2B55F5DC2C6640A30060D9B0 /* LoaderUIView.swift */ = {isa = PBXFileReference; lastKnownFileType = sourcecode.swift; path = LoaderUIView.swift; sourceTree = "<group>"; };
		2B55F5E12C66424C0060D9B0 /* ReOnboardingUIView.swift */ = {isa = PBXFileReference; lastKnownFileType = sourcecode.swift; path = ReOnboardingUIView.swift; sourceTree = "<group>"; };
		2B55F5E42C6642710060D9B0 /* UsOnboardingUIView.swift */ = {isa = PBXFileReference; lastKnownFileType = sourcecode.swift; path = UsOnboardingUIView.swift; sourceTree = "<group>"; };
		2B55F5F02C6A12310060D9B0 /* MainUIView.swift */ = {isa = PBXFileReference; lastKnownFileType = sourcecode.swift; path = MainUIView.swift; sourceTree = "<group>"; };
		2B55F5F62C6A28BA0060D9B0 /* BadgesUIView.swift */ = {isa = PBXFileReference; lastKnownFileType = sourcecode.swift; path = BadgesUIView.swift; sourceTree = "<group>"; };
		2B55F5F82C6A2F560060D9B0 /* BadgesCell.swift */ = {isa = PBXFileReference; lastKnownFileType = sourcecode.swift; path = BadgesCell.swift; sourceTree = "<group>"; };
		2B55F5FA2C6A32EA0060D9B0 /* BadgesDetails.swift */ = {isa = PBXFileReference; lastKnownFileType = sourcecode.swift; path = BadgesDetails.swift; sourceTree = "<group>"; };
		2B55F5FF2C6A37170060D9B0 /* SettingsUIView.swift */ = {isa = PBXFileReference; lastKnownFileType = sourcecode.swift; path = SettingsUIView.swift; sourceTree = "<group>"; };
		2B55F6012C6A37AA0060D9B0 /* SettingsViewModel.swift */ = {isa = PBXFileReference; lastKnownFileType = sourcecode.swift; path = SettingsViewModel.swift; sourceTree = "<group>"; };
		2B55F6072C6B54030060D9B0 /* ChallengesUIView.swift */ = {isa = PBXFileReference; lastKnownFileType = sourcecode.swift; path = ChallengesUIView.swift; sourceTree = "<group>"; };
		2B55F6092C6B55780060D9B0 /* ChallengeCell.swift */ = {isa = PBXFileReference; lastKnownFileType = sourcecode.swift; path = ChallengeCell.swift; sourceTree = "<group>"; };
		2B55F60B2C6B5A650060D9B0 /* Challenge.swift */ = {isa = PBXFileReference; lastKnownFileType = sourcecode.swift; path = Challenge.swift; sourceTree = "<group>"; };
		2B55F60D2C6B5B260060D9B0 /* ChallengeViewModel.swift */ = {isa = PBXFileReference; lastKnownFileType = sourcecode.swift; path = ChallengeViewModel.swift; sourceTree = "<group>"; };
		2B55F60F2C6B5E440060D9B0 /* ChallengeDetails.swift */ = {isa = PBXFileReference; lastKnownFileType = sourcecode.swift; path = ChallengeDetails.swift; sourceTree = "<group>"; };
/* End PBXFileReference section */

/* Begin PBXFrameworksBuildPhase section */
		2B55F5C72C662F6C0060D9B0 /* Frameworks */ = {
			isa = PBXFrameworksBuildPhase;
			buildActionMask = 2147483647;
			files = (
				2B55F5EC2C6642FC0060D9B0 /* OneSignalInAppMessages in Frameworks */,
				2B55F5EA2C6642FC0060D9B0 /* OneSignalFramework in Frameworks */,
				2B55F5EE2C6642FC0060D9B0 /* OneSignalLocation in Frameworks */,
				2B55F5E82C6642FC0060D9B0 /* OneSignalExtension in Frameworks */,
			);
			runOnlyForDeploymentPostprocessing = 0;
		};
/* End PBXFrameworksBuildPhase section */

/* Begin PBXGroup section */
		2B55F5C12C662F6C0060D9B0 = {
			isa = PBXGroup;
			children = (
				2B55F5CC2C662F6C0060D9B0 /* app808 */,
				2B55F5CB2C662F6C0060D9B0 /* Products */,
			);
			sourceTree = "<group>";
		};
		2B55F5CB2C662F6C0060D9B0 /* Products */ = {
			isa = PBXGroup;
			children = (
				2B55F5CA2C662F6C0060D9B0 /* app808.app */,
			);
			name = Products;
			sourceTree = "<group>";
		};
		2B55F5CC2C662F6C0060D9B0 /* app808 */ = {
			isa = PBXGroup;
			children = (
				2B55F5DE2C6642160060D9B0 /* First */,
				2B55F5DF2C66421B0060D9B0 /* Second */,
				2B55F5DB2C6640900060D9B0 /* Loader */,
				2B55F5CD2C662F6C0060D9B0 /* app808App.swift */,
				2B55F5CF2C662F6C0060D9B0 /* ContentView.swift */,
				2B55F5D12C662F700060D9B0 /* Assets.xcassets */,
				2B55F5D32C662F700060D9B0 /* Preview Content */,
			);
			path = app808;
			sourceTree = "<group>";
		};
		2B55F5D32C662F700060D9B0 /* Preview Content */ = {
			isa = PBXGroup;
			children = (
				2B55F5D42C662F700060D9B0 /* Preview Assets.xcassets */,
			);
			path = "Preview Content";
			sourceTree = "<group>";
		};
		2B55F5DB2C6640900060D9B0 /* Loader */ = {
			isa = PBXGroup;
			children = (
				2B55F5DC2C6640A30060D9B0 /* LoaderUIView.swift */,
			);
			path = Loader;
			sourceTree = "<group>";
		};
		2B55F5DE2C6642160060D9B0 /* First */ = {
			isa = PBXGroup;
			children = (
				2B55F6032C6B53230060D9B0 /* MyChallenges */,
				2B55F5FC2C6A36FC0060D9B0 /* Settings */,
				2B55F5F22C6A28950060D9B0 /* Badges */,
				2B55F5EF2C6A120D0060D9B0 /* Main */,
				2B55F5E02C66423E0060D9B0 /* Onboarding */,
			);
			path = First;
			sourceTree = "<group>";
		};
		2B55F5DF2C66421B0060D9B0 /* Second */ = {
			isa = PBXGroup;
			children = (
				2B55F5E32C6642520060D9B0 /* Onboarding */,
			);
			path = Second;
			sourceTree = "<group>";
		};
		2B55F5E02C66423E0060D9B0 /* Onboarding */ = {
			isa = PBXGroup;
			children = (
				2B55F5E12C66424C0060D9B0 /* ReOnboardingUIView.swift */,
			);
			path = Onboarding;
			sourceTree = "<group>";
		};
		2B55F5E32C6642520060D9B0 /* Onboarding */ = {
			isa = PBXGroup;
			children = (
				2B55F5E42C6642710060D9B0 /* UsOnboardingUIView.swift */,
			);
			path = Onboarding;
			sourceTree = "<group>";
		};
		2B55F5EF2C6A120D0060D9B0 /* Main */ = {
			isa = PBXGroup;
			children = (
				2B55F5F02C6A12310060D9B0 /* MainUIView.swift */,
			);
			path = Main;
			sourceTree = "<group>";
		};
		2B55F5F22C6A28950060D9B0 /* Badges */ = {
			isa = PBXGroup;
			children = (
				2B55F5F52C6A28AB0060D9B0 /* Model */,
				2B55F5F42C6A28A70060D9B0 /* View */,
				2B55F5F32C6A289F0060D9B0 /* ViewModel */,
			);
			path = Badges;
			sourceTree = "<group>";
		};
		2B55F5F32C6A289F0060D9B0 /* ViewModel */ = {
			isa = PBXGroup;
			children = (
			);
			path = ViewModel;
			sourceTree = "<group>";
		};
		2B55F5F42C6A28A70060D9B0 /* View */ = {
			isa = PBXGroup;
			children = (
				2B55F5F62C6A28BA0060D9B0 /* BadgesUIView.swift */,
				2B55F5F82C6A2F560060D9B0 /* BadgesCell.swift */,
				2B55F5FA2C6A32EA0060D9B0 /* BadgesDetails.swift */,
			);
			path = View;
			sourceTree = "<group>";
		};
		2B55F5F52C6A28AB0060D9B0 /* Model */ = {
			isa = PBXGroup;
			children = (
			);
			path = Model;
			sourceTree = "<group>";
		};
		2B55F5FC2C6A36FC0060D9B0 /* Settings */ = {
			isa = PBXGroup;
			children = (
				2B55F5FE2C6A37090060D9B0 /* View */,
				2B55F5FD2C6A37040060D9B0 /* ViewModel */,
			);
			path = Settings;
			sourceTree = "<group>";
		};
		2B55F5FD2C6A37040060D9B0 /* ViewModel */ = {
			isa = PBXGroup;
			children = (
				2B55F6012C6A37AA0060D9B0 /* SettingsViewModel.swift */,
			);
			path = ViewModel;
			sourceTree = "<group>";
		};
		2B55F5FE2C6A37090060D9B0 /* View */ = {
			isa = PBXGroup;
			children = (
				2B55F5FF2C6A37170060D9B0 /* SettingsUIView.swift */,
			);
			path = View;
			sourceTree = "<group>";
		};
		2B55F6032C6B53230060D9B0 /* MyChallenges */ = {
			isa = PBXGroup;
			children = (
				2B55F6052C6B533F0060D9B0 /* Model */,
				2B55F6062C6B53430060D9B0 /* View */,
				2B55F6042C6B53380060D9B0 /* ViewModel */,
			);
			path = MyChallenges;
			sourceTree = "<group>";
		};
		2B55F6042C6B53380060D9B0 /* ViewModel */ = {
			isa = PBXGroup;
			children = (
				2B55F60D2C6B5B260060D9B0 /* ChallengeViewModel.swift */,
			);
			path = ViewModel;
			sourceTree = "<group>";
		};
		2B55F6052C6B533F0060D9B0 /* Model */ = {
			isa = PBXGroup;
			children = (
				2B55F60B2C6B5A650060D9B0 /* Challenge.swift */,
			);
			path = Model;
			sourceTree = "<group>";
		};
		2B55F6062C6B53430060D9B0 /* View */ = {
			isa = PBXGroup;
			children = (
				2B55F6072C6B54030060D9B0 /* ChallengesUIView.swift */,
				2B55F6092C6B55780060D9B0 /* ChallengeCell.swift */,
				2B55F60F2C6B5E440060D9B0 /* ChallengeDetails.swift */,
			);
			path = View;
			sourceTree = "<group>";
		};
/* End PBXGroup section */

/* Begin PBXNativeTarget section */
		2B55F5C92C662F6C0060D9B0 /* app808 */ = {
			isa = PBXNativeTarget;
			buildConfigurationList = 2B55F5D82C662F700060D9B0 /* Build configuration list for PBXNativeTarget "app808" */;
			buildPhases = (
				2B55F5C62C662F6C0060D9B0 /* Sources */,
				2B55F5C72C662F6C0060D9B0 /* Frameworks */,
				2B55F5C82C662F6C0060D9B0 /* Resources */,
			);
			buildRules = (
			);
			dependencies = (
			);
			name = app808;
			packageProductDependencies = (
				2B55F5E72C6642FC0060D9B0 /* OneSignalExtension */,
				2B55F5E92C6642FC0060D9B0 /* OneSignalFramework */,
				2B55F5EB2C6642FC0060D9B0 /* OneSignalInAppMessages */,
				2B55F5ED2C6642FC0060D9B0 /* OneSignalLocation */,
			);
			productName = app808;
			productReference = 2B55F5CA2C662F6C0060D9B0 /* app808.app */;
			productType = "com.apple.product-type.application";
		};
/* End PBXNativeTarget section */

/* Begin PBXProject section */
		2B55F5C22C662F6C0060D9B0 /* Project object */ = {
			isa = PBXProject;
			attributes = {
				BuildIndependentTargetsInParallel = 1;
				LastSwiftUpdateCheck = 1520;
				LastUpgradeCheck = 1520;
				TargetAttributes = {
					2B55F5C92C662F6C0060D9B0 = {
						CreatedOnToolsVersion = 15.2;
					};
				};
			};
			buildConfigurationList = 2B55F5C52C662F6C0060D9B0 /* Build configuration list for PBXProject "app808" */;
			compatibilityVersion = "Xcode 14.0";
			developmentRegion = en;
			hasScannedForEncodings = 0;
			knownRegions = (
				en,
				Base,
			);
			mainGroup = 2B55F5C12C662F6C0060D9B0;
			packageReferences = (
				2B55F5E62C6642FC0060D9B0 /* XCRemoteSwiftPackageReference "OneSignal-iOS-SDK" */,
			);
			productRefGroup = 2B55F5CB2C662F6C0060D9B0 /* Products */;
			projectDirPath = "";
			projectRoot = "";
			targets = (
				2B55F5C92C662F6C0060D9B0 /* app808 */,
			);
		};
/* End PBXProject section */

/* Begin PBXResourcesBuildPhase section */
		2B55F5C82C662F6C0060D9B0 /* Resources */ = {
			isa = PBXResourcesBuildPhase;
			buildActionMask = 2147483647;
			files = (
				2B55F5D52C662F700060D9B0 /* Preview Assets.xcassets in Resources */,
				2B55F5D22C662F700060D9B0 /* Assets.xcassets in Resources */,
			);
			runOnlyForDeploymentPostprocessing = 0;
		};
/* End PBXResourcesBuildPhase section */

/* Begin PBXSourcesBuildPhase section */
		2B55F5C62C662F6C0060D9B0 /* Sources */ = {
			isa = PBXSourcesBuildPhase;
			buildActionMask = 2147483647;
			files = (
				2B55F5D02C662F6C0060D9B0 /* ContentView.swift in Sources */,
				2B55F60E2C6B5B270060D9B0 /* ChallengeViewModel.swift in Sources */,
				2B55F5F92C6A2F560060D9B0 /* BadgesCell.swift in Sources */,
				2B55F5CE2C662F6C0060D9B0 /* app808App.swift in Sources */,
				2B55F5F72C6A28BA0060D9B0 /* BadgesUIView.swift in Sources */,
				2B55F5FB2C6A32EA0060D9B0 /* BadgesDetails.swift in Sources */,
				2B55F6002C6A37170060D9B0 /* SettingsUIView.swift in Sources */,
				2B55F5E52C6642710060D9B0 /* UsOnboardingUIView.swift in Sources */,
				2B55F60C2C6B5A650060D9B0 /* Challenge.swift in Sources */,
				2B55F5E22C66424C0060D9B0 /* ReOnboardingUIView.swift in Sources */,
				2B55F6102C6B5E440060D9B0 /* ChallengeDetails.swift in Sources */,
				2B55F6082C6B54030060D9B0 /* ChallengesUIView.swift in Sources */,
				2B55F6022C6A37AA0060D9B0 /* SettingsViewModel.swift in Sources */,
				2B55F60A2C6B55780060D9B0 /* ChallengeCell.swift in Sources */,
				2B55F5DD2C6640A30060D9B0 /* LoaderUIView.swift in Sources */,
				2B55F5F12C6A12310060D9B0 /* MainUIView.swift in Sources */,
			);
			runOnlyForDeploymentPostprocessing = 0;
		};
/* End PBXSourcesBuildPhase section */

/* Begin XCBuildConfiguration section */
		2B55F5D62C662F700060D9B0 /* Debug */ = {
			isa = XCBuildConfiguration;
			buildSettings = {
				ALWAYS_SEARCH_USER_PATHS = NO;
				ASSETCATALOG_COMPILER_GENERATE_SWIFT_ASSET_SYMBOL_EXTENSIONS = YES;
				CLANG_ANALYZER_NONNULL = YES;
				CLANG_ANALYZER_NUMBER_OBJECT_CONVERSION = YES_AGGRESSIVE;
				CLANG_CXX_LANGUAGE_STANDARD = "gnu++20";
				CLANG_ENABLE_MODULES = YES;
				CLANG_ENABLE_OBJC_ARC = YES;
				CLANG_ENABLE_OBJC_WEAK = YES;
				CLANG_WARN_BLOCK_CAPTURE_AUTORELEASING = YES;
				CLANG_WARN_BOOL_CONVERSION = YES;
				CLANG_WARN_COMMA = YES;
				CLANG_WARN_CONSTANT_CONVERSION = YES;
				CLANG_WARN_DEPRECATED_OBJC_IMPLEMENTATIONS = YES;
				CLANG_WARN_DIRECT_OBJC_ISA_USAGE = YES_ERROR;
				CLANG_WARN_DOCUMENTATION_COMMENTS = YES;
				CLANG_WARN_EMPTY_BODY = YES;
				CLANG_WARN_ENUM_CONVERSION = YES;
				CLANG_WARN_INFINITE_RECURSION = YES;
				CLANG_WARN_INT_CONVERSION = YES;
				CLANG_WARN_NON_LITERAL_NULL_CONVERSION = YES;
				CLANG_WARN_OBJC_IMPLICIT_RETAIN_SELF = YES;
				CLANG_WARN_OBJC_LITERAL_CONVERSION = YES;
				CLANG_WARN_OBJC_ROOT_CLASS = YES_ERROR;
				CLANG_WARN_QUOTED_INCLUDE_IN_FRAMEWORK_HEADER = YES;
				CLANG_WARN_RANGE_LOOP_ANALYSIS = YES;
				CLANG_WARN_STRICT_PROTOTYPES = YES;
				CLANG_WARN_SUSPICIOUS_MOVE = YES;
				CLANG_WARN_UNGUARDED_AVAILABILITY = YES_AGGRESSIVE;
				CLANG_WARN_UNREACHABLE_CODE = YES;
				CLANG_WARN__DUPLICATE_METHOD_MATCH = YES;
				COPY_PHASE_STRIP = NO;
				DEBUG_INFORMATION_FORMAT = dwarf;
				ENABLE_STRICT_OBJC_MSGSEND = YES;
				ENABLE_TESTABILITY = YES;
				ENABLE_USER_SCRIPT_SANDBOXING = YES;
				GCC_C_LANGUAGE_STANDARD = gnu17;
				GCC_DYNAMIC_NO_PIC = NO;
				GCC_NO_COMMON_BLOCKS = YES;
				GCC_OPTIMIZATION_LEVEL = 0;
				GCC_PREPROCESSOR_DEFINITIONS = (
					"DEBUG=1",
					"$(inherited)",
				);
				GCC_WARN_64_TO_32_BIT_CONVERSION = YES;
				GCC_WARN_ABOUT_RETURN_TYPE = YES_ERROR;
				GCC_WARN_UNDECLARED_SELECTOR = YES;
				GCC_WARN_UNINITIALIZED_AUTOS = YES_AGGRESSIVE;
				GCC_WARN_UNUSED_FUNCTION = YES;
				GCC_WARN_UNUSED_VARIABLE = YES;
				IPHONEOS_DEPLOYMENT_TARGET = 14.0;
				LOCALIZATION_PREFERS_STRING_CATALOGS = YES;
				MTL_ENABLE_DEBUG_INFO = INCLUDE_SOURCE;
				MTL_FAST_MATH = YES;
				ONLY_ACTIVE_ARCH = YES;
				SDKROOT = iphoneos;
				SWIFT_ACTIVE_COMPILATION_CONDITIONS = "DEBUG $(inherited)";
				SWIFT_OPTIMIZATION_LEVEL = "-Onone";
			};
			name = Debug;
		};
		2B55F5D72C662F700060D9B0 /* Release */ = {
			isa = XCBuildConfiguration;
			buildSettings = {
				ALWAYS_SEARCH_USER_PATHS = NO;
				ASSETCATALOG_COMPILER_GENERATE_SWIFT_ASSET_SYMBOL_EXTENSIONS = YES;
				CLANG_ANALYZER_NONNULL = YES;
				CLANG_ANALYZER_NUMBER_OBJECT_CONVERSION = YES_AGGRESSIVE;
				CLANG_CXX_LANGUAGE_STANDARD = "gnu++20";
				CLANG_ENABLE_MODULES = YES;
				CLANG_ENABLE_OBJC_ARC = YES;
				CLANG_ENABLE_OBJC_WEAK = YES;
				CLANG_WARN_BLOCK_CAPTURE_AUTORELEASING = YES;
				CLANG_WARN_BOOL_CONVERSION = YES;
				CLANG_WARN_COMMA = YES;
				CLANG_WARN_CONSTANT_CONVERSION = YES;
				CLANG_WARN_DEPRECATED_OBJC_IMPLEMENTATIONS = YES;
				CLANG_WARN_DIRECT_OBJC_ISA_USAGE = YES_ERROR;
				CLANG_WARN_DOCUMENTATION_COMMENTS = YES;
				CLANG_WARN_EMPTY_BODY = YES;
				CLANG_WARN_ENUM_CONVERSION = YES;
				CLANG_WARN_INFINITE_RECURSION = YES;
				CLANG_WARN_INT_CONVERSION = YES;
				CLANG_WARN_NON_LITERAL_NULL_CONVERSION = YES;
				CLANG_WARN_OBJC_IMPLICIT_RETAIN_SELF = YES;
				CLANG_WARN_OBJC_LITERAL_CONVERSION = YES;
				CLANG_WARN_OBJC_ROOT_CLASS = YES_ERROR;
				CLANG_WARN_QUOTED_INCLUDE_IN_FRAMEWORK_HEADER = YES;
				CLANG_WARN_RANGE_LOOP_ANALYSIS = YES;
				CLANG_WARN_STRICT_PROTOTYPES = YES;
				CLANG_WARN_SUSPICIOUS_MOVE = YES;
				CLANG_WARN_UNGUARDED_AVAILABILITY = YES_AGGRESSIVE;
				CLANG_WARN_UNREACHABLE_CODE = YES;
				CLANG_WARN__DUPLICATE_METHOD_MATCH = YES;
				COPY_PHASE_STRIP = NO;
				DEBUG_INFORMATION_FORMAT = "dwarf-with-dsym";
				ENABLE_NS_ASSERTIONS = NO;
				ENABLE_STRICT_OBJC_MSGSEND = YES;
				ENABLE_USER_SCRIPT_SANDBOXING = YES;
				GCC_C_LANGUAGE_STANDARD = gnu17;
				GCC_NO_COMMON_BLOCKS = YES;
				GCC_WARN_64_TO_32_BIT_CONVERSION = YES;
				GCC_WARN_ABOUT_RETURN_TYPE = YES_ERROR;
				GCC_WARN_UNDECLARED_SELECTOR = YES;
				GCC_WARN_UNINITIALIZED_AUTOS = YES_AGGRESSIVE;
				GCC_WARN_UNUSED_FUNCTION = YES;
				GCC_WARN_UNUSED_VARIABLE = YES;
				IPHONEOS_DEPLOYMENT_TARGET = 14.0;
				LOCALIZATION_PREFERS_STRING_CATALOGS = YES;
				MTL_ENABLE_DEBUG_INFO = NO;
				MTL_FAST_MATH = YES;
				SDKROOT = iphoneos;
				SWIFT_COMPILATION_MODE = wholemodule;
				VALIDATE_PRODUCT = YES;
			};
			name = Release;
		};
		2B55F5D92C662F700060D9B0 /* Debug */ = {
			isa = XCBuildConfiguration;
			buildSettings = {
				ASSETCATALOG_COMPILER_APPICON_NAME = AppIcon;
				ASSETCATALOG_COMPILER_GLOBAL_ACCENT_COLOR_NAME = AccentColor;
				CODE_SIGN_STYLE = Automatic;
				CURRENT_PROJECT_VERSION = 1;
				DEVELOPMENT_ASSET_PATHS = "\"app808/Preview Content\"";
				ENABLE_PREVIEWS = YES;
				GENERATE_INFOPLIST_FILE = YES;
				INFOPLIST_KEY_UIApplicationSceneManifest_Generation = YES;
				INFOPLIST_KEY_UIApplicationSupportsIndirectInputEvents = YES;
				INFOPLIST_KEY_UILaunchScreen_Generation = YES;
				INFOPLIST_KEY_UISupportedInterfaceOrientations_iPad = "UIInterfaceOrientationPortrait UIInterfaceOrientationPortraitUpsideDown UIInterfaceOrientationLandscapeLeft UIInterfaceOrientationLandscapeRight";
				INFOPLIST_KEY_UISupportedInterfaceOrientations_iPhone = "UIInterfaceOrientationPortrait UIInterfaceOrientationLandscapeLeft UIInterfaceOrientationLandscapeRight";
				LD_RUNPATH_SEARCH_PATHS = (
					"$(inherited)",
					"@executable_path/Frameworks",
				);
				MARKETING_VERSION = 1.0;
				PRODUCT_BUNDLE_IDENTIFIER = adm.app808;
				PRODUCT_NAME = "$(TARGET_NAME)";
				SWIFT_EMIT_LOC_STRINGS = YES;
				SWIFT_VERSION = 5.0;
				TARGETED_DEVICE_FAMILY = "1,2";
			};
			name = Debug;
		};
		2B55F5DA2C662F700060D9B0 /* Release */ = {
			isa = XCBuildConfiguration;
			buildSettings = {
				ASSETCATALOG_COMPILER_APPICON_NAME = AppIcon;
				ASSETCATALOG_COMPILER_GLOBAL_ACCENT_COLOR_NAME = AccentColor;
				CODE_SIGN_STYLE = Automatic;
				CURRENT_PROJECT_VERSION = 1;
				DEVELOPMENT_ASSET_PATHS = "\"app808/Preview Content\"";
				ENABLE_PREVIEWS = YES;
				GENERATE_INFOPLIST_FILE = YES;
				INFOPLIST_KEY_UIApplicationSceneManifest_Generation = YES;
				INFOPLIST_KEY_UIApplicationSupportsIndirectInputEvents = YES;
				INFOPLIST_KEY_UILaunchScreen_Generation = YES;
				INFOPLIST_KEY_UISupportedInterfaceOrientations_iPad = "UIInterfaceOrientationPortrait UIInterfaceOrientationPortraitUpsideDown UIInterfaceOrientationLandscapeLeft UIInterfaceOrientationLandscapeRight";
				INFOPLIST_KEY_UISupportedInterfaceOrientations_iPhone = "UIInterfaceOrientationPortrait UIInterfaceOrientationLandscapeLeft UIInterfaceOrientationLandscapeRight";
				LD_RUNPATH_SEARCH_PATHS = (
					"$(inherited)",
					"@executable_path/Frameworks",
				);
				MARKETING_VERSION = 1.0;
				PRODUCT_BUNDLE_IDENTIFIER = adm.app808;
				PRODUCT_NAME = "$(TARGET_NAME)";
				SWIFT_EMIT_LOC_STRINGS = YES;
				SWIFT_VERSION = 5.0;
				TARGETED_DEVICE_FAMILY = "1,2";
			};
			name = Release;
		};
/* End XCBuildConfiguration section */

/* Begin XCConfigurationList section */
		2B55F5C52C662F6C0060D9B0 /* Build configuration list for PBXProject "app808" */ = {
			isa = XCConfigurationList;
			buildConfigurations = (
				2B55F5D62C662F700060D9B0 /* Debug */,
				2B55F5D72C662F700060D9B0 /* Release */,
			);
			defaultConfigurationIsVisible = 0;
			defaultConfigurationName = Release;
		};
		2B55F5D82C662F700060D9B0 /* Build configuration list for PBXNativeTarget "app808" */ = {
			isa = XCConfigurationList;
			buildConfigurations = (
				2B55F5D92C662F700060D9B0 /* Debug */,
				2B55F5DA2C662F700060D9B0 /* Release */,
			);
			defaultConfigurationIsVisible = 0;
			defaultConfigurationName = Release;
		};
/* End XCConfigurationList section */

/* Begin XCRemoteSwiftPackageReference section */
		2B55F5E62C6642FC0060D9B0 /* XCRemoteSwiftPackageReference "OneSignal-iOS-SDK" */ = {
			isa = XCRemoteSwiftPackageReference;
			repositoryURL = "https://github.com/OneSignal/OneSignal-iOS-SDK";
			requirement = {
				kind = upToNextMajorVersion;
				minimumVersion = 5.2.2;
			};
		};
/* End XCRemoteSwiftPackageReference section */

/* Begin XCSwiftPackageProductDependency section */
		2B55F5E72C6642FC0060D9B0 /* OneSignalExtension */ = {
			isa = XCSwiftPackageProductDependency;
			package = 2B55F5E62C6642FC0060D9B0 /* XCRemoteSwiftPackageReference "OneSignal-iOS-SDK" */;
			productName = OneSignalExtension;
		};
		2B55F5E92C6642FC0060D9B0 /* OneSignalFramework */ = {
			isa = XCSwiftPackageProductDependency;
			package = 2B55F5E62C6642FC0060D9B0 /* XCRemoteSwiftPackageReference "OneSignal-iOS-SDK" */;
			productName = OneSignalFramework;
		};
		2B55F5EB2C6642FC0060D9B0 /* OneSignalInAppMessages */ = {
			isa = XCSwiftPackageProductDependency;
			package = 2B55F5E62C6642FC0060D9B0 /* XCRemoteSwiftPackageReference "OneSignal-iOS-SDK" */;
			productName = OneSignalInAppMessages;
		};
		2B55F5ED2C6642FC0060D9B0 /* OneSignalLocation */ = {
			isa = XCSwiftPackageProductDependency;
			package = 2B55F5E62C6642FC0060D9B0 /* XCRemoteSwiftPackageReference "OneSignal-iOS-SDK" */;
			productName = OneSignalLocation;
		};
/* End XCSwiftPackageProductDependency section */
	};
	rootObject = 2B55F5C22C662F6C0060D9B0 /* Project object */;
}
